
Microsoft Visual Studio Solution File, Format Version 12.00
# Visual Studio 15
VisualStudioVersion = 15.0.28307.645
MinimumVisualStudioVersion = 10.0.40219.1
Project("{FAE04EC0-301F-11D3-BF4B-00C04F79EFBC}") = "WindowsFormsApp1", "WindowsFormsApp1\WindowsFormsApp1.csproj", "{ECB525CC-0F3F-49CB-AF19-39525BF52B44}"
EndProject
Global
	GlobalSection(SolutionConfigurationPlatforms) = preSolution
		Debug|Any CPU = Debug|Any CPU
		Release|Any CPU = Release|Any CPU
	EndGlobalSection
	GlobalSection(ProjectConfigurationPlatforms) = postSolution
		{ECB525CC-0F3F-49CB-AF19-39525BF52B44}.Debug|Any CPU.ActiveCfg = Debug|Any CPU
		{ECB525CC-0F3F-49CB-AF19-39525BF52B44}.Debug|Any CPU.Build.0 = Debug|Any CPU
		{ECB525CC-0F3F-49CB-AF19-39525BF52B44}.Release|Any CPU.ActiveCfg = Release|Any CPU
		{ECB525CC-0F3F-49CB-AF19-39525BF52B44}.Release|Any CPU.Build.0 = Release|Any CPU
	EndGlobalSection
	GlobalSection(SolutionProperties) = preSolution
		HideSolutionNode = FALSE
	EndGlobalSection
	GlobalSection(ExtensibilityGlobals) = postSolution
		SolutionGuid = {021B0D7B-932E-46B3-930F-DBAFB14F3855}
	EndGlobalSection
EndGlobal
